// !$*UTF8*$!
{
	archiveVersion = 1;
	classes = {
	};
	objectVersion = 56;
	objects = {

/* Begin PBXBuildFile section */
		666092B82BE54D1500D81AB1 /* LandscapeViewController.swift in Sources */ = {isa = PBXBuildFile; fileRef = 666092B72BE54D1500D81AB1 /* LandscapeViewController.swift */; };
		666092BA2BE565DA00D81AB1 /* LogViewController.swift in Sources */ = {isa = PBXBuildFile; fileRef = 666092B92BE565DA00D81AB1 /* LogViewController.swift */; };
		666092BC2BE566F200D81AB1 /* Logger.swift in Sources */ = {isa = PBXBuildFile; fileRef = 666092BB2BE566F200D81AB1 /* Logger.swift */; };
		66D24B542BE3EF8700A6B72C /* AppDelegate.swift in Sources */ = {isa = PBXBuildFile; fileRef = 66D24B532BE3EF8700A6B72C /* AppDelegate.swift */; };
		66D24B562BE3EF8700A6B72C /* SceneDelegate.swift in Sources */ = {isa = PBXBuildFile; fileRef = 66D24B552BE3EF8700A6B72C /* SceneDelegate.swift */; };
		66D24B582BE3EF8700A6B72C /* ViewController.swift in Sources */ = {isa = PBXBuildFile; fileRef = 66D24B572BE3EF8700A6B72C /* ViewController.swift */; };
		66D24B5B2BE3EF8700A6B72C /* Main.storyboard in Resources */ = {isa = PBXBuildFile; fileRef = 66D24B592BE3EF8700A6B72C /* Main.storyboard */; };
		66D24B5E2BE3EF8700A6B72C /* BetterCalculator.xcdatamodeld in Sources */ = {isa = PBXBuildFile; fileRef = 66D24B5C2BE3EF8700A6B72C /* BetterCalculator.xcdatamodeld */; };
		66D24B602BE3EF8800A6B72C /* Assets.xcassets in Resources */ = {isa = PBXBuildFile; fileRef = 66D24B5F2BE3EF8800A6B72C /* Assets.xcassets */; };
		66D24B632BE3EF8800A6B72C /* LaunchScreen.storyboard in Resources */ = {isa = PBXBuildFile; fileRef = 66D24B612BE3EF8800A6B72C /* LaunchScreen.storyboard */; };
		66D24B6E2BE3EF8800A6B72C /* BetterCalculatorTests.swift in Sources */ = {isa = PBXBuildFile; fileRef = 66D24B6D2BE3EF8800A6B72C /* BetterCalculatorTests.swift */; };
		66D24B782BE3EF8800A6B72C /* BetterCalculatorUITests.swift in Sources */ = {isa = PBXBuildFile; fileRef = 66D24B772BE3EF8800A6B72C /* BetterCalculatorUITests.swift */; };
		66D24B7A2BE3EF8800A6B72C /* BetterCalculatorUITestsLaunchTests.swift in Sources */ = {isa = PBXBuildFile; fileRef = 66D24B792BE3EF8800A6B72C /* BetterCalculatorUITestsLaunchTests.swift */; };
/* End PBXBuildFile section */

/* Begin PBXContainerItemProxy section */
		66D24B6A2BE3EF8800A6B72C /* PBXContainerItemProxy */ = {
			isa = PBXContainerItemProxy;
			containerPortal = 66D24B482BE3EF8700A6B72C /* Project object */;
			proxyType = 1;
			remoteGlobalIDString = 66D24B4F2BE3EF8700A6B72C;
			remoteInfo = BetterCalculator;
		};
		66D24B742BE3EF8800A6B72C /* PBXContainerItemProxy */ = {
			isa = PBXContainerItemProxy;
			containerPortal = 66D24B482BE3EF8700A6B72C /* Project object */;
			proxyType = 1;
			remoteGlobalIDString = 66D24B4F2BE3EF8700A6B72C;
			remoteInfo = BetterCalculator;
		};
/* End PBXContainerItemProxy section */

/* Begin PBXFileReference section */
		666092B72BE54D1500D81AB1 /* LandscapeViewController.swift */ = {isa = PBXFileReference; lastKnownFileType = sourcecode.swift; path = LandscapeViewController.swift; sourceTree = "<group>"; };
		666092B92BE565DA00D81AB1 /* LogViewController.swift */ = {isa = PBXFileReference; lastKnownFileType = sourcecode.swift; path = LogViewController.swift; sourceTree = "<group>"; };
		666092BB2BE566F200D81AB1 /* Logger.swift */ = {isa = PBXFileReference; lastKnownFileType = sourcecode.swift; path = Logger.swift; sourceTree = "<group>"; };
		66D24B502BE3EF8700A6B72C /* BetterCalculator.app */ = {isa = PBXFileReference; explicitFileType = wrapper.application; includeInIndex = 0; path = BetterCalculator.app; sourceTree = BUILT_PRODUCTS_DIR; };
		66D24B532BE3EF8700A6B72C /* AppDelegate.swift */ = {isa = PBXFileReference; lastKnownFileType = sourcecode.swift; path = AppDelegate.swift; sourceTree = "<group>"; };
		66D24B552BE3EF8700A6B72C /* SceneDelegate.swift */ = {isa = PBXFileReference; lastKnownFileType = sourcecode.swift; path = SceneDelegate.swift; sourceTree = "<group>"; };
		66D24B572BE3EF8700A6B72C /* ViewController.swift */ = {isa = PBXFileReference; lastKnownFileType = sourcecode.swift; path = ViewController.swift; sourceTree = "<group>"; };
		66D24B5A2BE3EF8700A6B72C /* Base */ = {isa = PBXFileReference; lastKnownFileType = file.storyboard; name = Base; path = Base.lproj/Main.storyboard; sourceTree = "<group>"; };
		66D24B5D2BE3EF8700A6B72C /* BetterCalculator.xcdatamodel */ = {isa = PBXFileReference; lastKnownFileType = wrapper.xcdatamodel; path = BetterCalculator.xcdatamodel; sourceTree = "<group>"; };
		66D24B5F2BE3EF8800A6B72C /* Assets.xcassets */ = {isa = PBXFileReference; lastKnownFileType = folder.assetcatalog; path = Assets.xcassets; sourceTree = "<group>"; };
		66D24B622BE3EF8800A6B72C /* Base */ = {isa = PBXFileReference; lastKnownFileType = file.storyboard; name = Base; path = Base.lproj/LaunchScreen.storyboard; sourceTree = "<group>"; };
		66D24B642BE3EF8800A6B72C /* Info.plist */ = {isa = PBXFileReference; lastKnownFileType = text.plist.xml; path = Info.plist; sourceTree = "<group>"; };
		66D24B692BE3EF8800A6B72C /* BetterCalculatorTests.xctest */ = {isa = PBXFileReference; explicitFileType = wrapper.cfbundle; includeInIndex = 0; path = BetterCalculatorTests.xctest; sourceTree = BUILT_PRODUCTS_DIR; };
		66D24B6D2BE3EF8800A6B72C /* BetterCalculatorTests.swift */ = {isa = PBXFileReference; lastKnownFileType = sourcecode.swift; path = BetterCalculatorTests.swift; sourceTree = "<group>"; };
		66D24B732BE3EF8800A6B72C /* BetterCalculatorUITests.xctest */ = {isa = PBXFileReference; explicitFileType = wrapper.cfbundle; includeInIndex = 0; path = BetterCalculatorUITests.xctest; sourceTree = BUILT_PRODUCTS_DIR; };
		66D24B772BE3EF8800A6B72C /* BetterCalculatorUITests.swift */ = {isa = PBXFileReference; lastKnownFileType = sourcecode.swift; path = BetterCalculatorUITests.swift; sourceTree = "<group>"; };
		66D24B792BE3EF8800A6B72C /* BetterCalculatorUITestsLaunchTests.swift */ = {isa = PBXFileReference; lastKnownFileType = sourcecode.swift; path = BetterCalculatorUITestsLaunchTests.swift; sourceTree = "<group>"; };
/* End PBXFileReference section */

/* Begin PBXFrameworksBuildPhase section */
		66D24B4D2BE3EF8700A6B72C /* Frameworks */ = {
			isa = PBXFrameworksBuildPhase;
			buildActionMask = 2147483647;
			files = (
			);
			runOnlyForDeploymentPostprocessing = 0;
		};
		66D24B662BE3EF8800A6B72C /* Frameworks */ = {
			isa = PBXFrameworksBuildPhase;
			buildActionMask = 2147483647;
			files = (
			);
			runOnlyForDeploymentPostprocessing = 0;
		};
		66D24B702BE3EF8800A6B72C /* Frameworks */ = {
			isa = PBXFrameworksBuildPhase;
			buildActionMask = 2147483647;
			files = (
			);
			runOnlyForDeploymentPostprocessing = 0;
		};
/* End PBXFrameworksBuildPhase section */

/* Begin PBXGroup section */
		666092BE2BE570D100D81AB1 /* Controller */ = {
			isa = PBXGroup;
			children = (
				66D24B572BE3EF8700A6B72C /* ViewController.swift */,
				666092B72BE54D1500D81AB1 /* LandscapeViewController.swift */,
				666092B92BE565DA00D81AB1 /* LogViewController.swift */,
			);
			path = Controller;
			sourceTree = "<group>";
		};
		666092BF2BE570EA00D81AB1 /* Model */ = {
			isa = PBXGroup;
			children = (
				666092BB2BE566F200D81AB1 /* Logger.swift */,
			);
			path = Model;
			sourceTree = "<group>";
		};
		66D24B472BE3EF8700A6B72C = {
			isa = PBXGroup;
			children = (
				66D24B522BE3EF8700A6B72C /* BetterCalculator */,
				66D24B6C2BE3EF8800A6B72C /* BetterCalculatorTests */,
				66D24B762BE3EF8800A6B72C /* BetterCalculatorUITests */,
				66D24B512BE3EF8700A6B72C /* Products */,
			);
			sourceTree = "<group>";
		};
		66D24B512BE3EF8700A6B72C /* Products */ = {
			isa = PBXGroup;
			children = (
				66D24B502BE3EF8700A6B72C /* BetterCalculator.app */,
				66D24B692BE3EF8800A6B72C /* BetterCalculatorTests.xctest */,
				66D24B732BE3EF8800A6B72C /* BetterCalculatorUITests.xctest */,
			);
			name = Products;
			sourceTree = "<group>";
		};
		66D24B522BE3EF8700A6B72C /* BetterCalculator */ = {
			isa = PBXGroup;
			children = (
				666092BF2BE570EA00D81AB1 /* Model */,
				666092BE2BE570D100D81AB1 /* Controller */,
				66D24B532BE3EF8700A6B72C /* AppDelegate.swift */,
				66D24B552BE3EF8700A6B72C /* SceneDelegate.swift */,
				66D24B592BE3EF8700A6B72C /* Main.storyboard */,
				66D24B5F2BE3EF8800A6B72C /* Assets.xcassets */,
				66D24B612BE3EF8800A6B72C /* LaunchScreen.storyboard */,
				66D24B642BE3EF8800A6B72C /* Info.plist */,
				66D24B5C2BE3EF8700A6B72C /* BetterCalculator.xcdatamodeld */,
			);
			path = BetterCalculator;
			sourceTree = "<group>";
		};
		66D24B6C2BE3EF8800A6B72C /* BetterCalculatorTests */ = {
			isa = PBXGroup;
			children = (
				66D24B6D2BE3EF8800A6B72C /* BetterCalculatorTests.swift */,
			);
			path = BetterCalculatorTests;
			sourceTree = "<group>";
		};
		66D24B762BE3EF8800A6B72C /* BetterCalculatorUITests */ = {
			isa = PBXGroup;
			children = (
				66D24B772BE3EF8800A6B72C /* BetterCalculatorUITests.swift */,
				66D24B792BE3EF8800A6B72C /* BetterCalculatorUITestsLaunchTests.swift */,
			);
			path = BetterCalculatorUITests;
			sourceTree = "<group>";
		};
/* End PBXGroup section */

/* Begin PBXNativeTarget section */
		66D24B4F2BE3EF8700A6B72C /* BetterCalculator */ = {
			isa = PBXNativeTarget;
			buildConfigurationList = 66D24B7D2BE3EF8800A6B72C /* Build configuration list for PBXNativeTarget "BetterCalculator" */;
			buildPhases = (
				66D24B4C2BE3EF8700A6B72C /* Sources */,
				66D24B4D2BE3EF8700A6B72C /* Frameworks */,
				66D24B4E2BE3EF8700A6B72C /* Resources */,
			);
			buildRules = (
			);
			dependencies = (
			);
			name = BetterCalculator;
			productName = BetterCalculator;
			productReference = 66D24B502BE3EF8700A6B72C /* BetterCalculator.app */;
			productType = "com.apple.product-type.application";
		};
		66D24B682BE3EF8800A6B72C /* BetterCalculatorTests */ = {
			isa = PBXNativeTarget;
			buildConfigurationList = 66D24B802BE3EF8800A6B72C /* Build configuration list for PBXNativeTarget "BetterCalculatorTests" */;
			buildPhases = (
				66D24B652BE3EF8800A6B72C /* Sources */,
				66D24B662BE3EF8800A6B72C /* Frameworks */,
				66D24B672BE3EF8800A6B72C /* Resources */,
			);
			buildRules = (
			);
			dependencies = (
				66D24B6B2BE3EF8800A6B72C /* PBXTargetDependency */,
			);
			name = BetterCalculatorTests;
			productName = BetterCalculatorTests;
			productReference = 66D24B692BE3EF8800A6B72C /* BetterCalculatorTests.xctest */;
			productType = "com.apple.product-type.bundle.unit-test";
		};
		66D24B722BE3EF8800A6B72C /* BetterCalculatorUITests */ = {
			isa = PBXNativeTarget;
			buildConfigurationList = 66D24B832BE3EF8800A6B72C /* Build configuration list for PBXNativeTarget "BetterCalculatorUITests" */;
			buildPhases = (
				66D24B6F2BE3EF8800A6B72C /* Sources */,
				66D24B702BE3EF8800A6B72C /* Frameworks */,
				66D24B712BE3EF8800A6B72C /* Resources */,
			);
			buildRules = (
			);
			dependencies = (
				66D24B752BE3EF8800A6B72C /* PBXTargetDependency */,
			);
			name = BetterCalculatorUITests;
			productName = BetterCalculatorUITests;
			productReference = 66D24B732BE3EF8800A6B72C /* BetterCalculatorUITests.xctest */;
			productType = "com.apple.product-type.bundle.ui-testing";
		};
/* End PBXNativeTarget section */

/* Begin PBXProject section */
		66D24B482BE3EF8700A6B72C /* Project object */ = {
			isa = PBXProject;
			attributes = {
				BuildIndependentTargetsInParallel = 1;
				LastSwiftUpdateCheck = 1520;
				LastUpgradeCheck = 1520;
				TargetAttributes = {
					66D24B4F2BE3EF8700A6B72C = {
						CreatedOnToolsVersion = 15.2;
					};
					66D24B682BE3EF8800A6B72C = {
						CreatedOnToolsVersion = 15.2;
						TestTargetID = 66D24B4F2BE3EF8700A6B72C;
					};
					66D24B722BE3EF8800A6B72C = {
						CreatedOnToolsVersion = 15.2;
						TestTargetID = 66D24B4F2BE3EF8700A6B72C;
					};
				};
			};
			buildConfigurationList = 66D24B4B2BE3EF8700A6B72C /* Build configuration list for PBXProject "BetterCalculator" */;
			compatibilityVersion = "Xcode 14.0";
			developmentRegion = en;
			hasScannedForEncodings = 0;
			knownRegions = (
				en,
				Base,
			);
			mainGroup = 66D24B472BE3EF8700A6B72C;
			productRefGroup = 66D24B512BE3EF8700A6B72C /* Products */;
			projectDirPath = "";
			projectRoot = "";
			targets = (
				66D24B4F2BE3EF8700A6B72C /* BetterCalculator */,
				66D24B682BE3EF8800A6B72C /* BetterCalculatorTests */,
				66D24B722BE3EF8800A6B72C /* BetterCalculatorUITests */,
			);
		};
/* End PBXProject section */

/* Begin PBXResourcesBuildPhase section */
		66D24B4E2BE3EF8700A6B72C /* Resources */ = {
			isa = PBXResourcesBuildPhase;
			buildActionMask = 2147483647;
			files = (
				66D24B632BE3EF8800A6B72C /* LaunchScreen.storyboard in Resources */,
				66D24B602BE3EF8800A6B72C /* Assets.xcassets in Resources */,
				66D24B5B2BE3EF8700A6B72C /* Main.storyboard in Resources */,
			);
			runOnlyForDeploymentPostprocessing = 0;
		};
		66D24B672BE3EF8800A6B72C /* Resources */ = {
			isa = PBXResourcesBuildPhase;
			buildActionMask = 2147483647;
			files = (
			);
			runOnlyForDeploymentPostprocessing = 0;
		};
		66D24B712BE3EF8800A6B72C /* Resources */ = {
			isa = PBXResourcesBuildPhase;
			buildActionMask = 2147483647;
			files = (
			);
			runOnlyForDeploymentPostprocessing = 0;
		};
/* End PBXResourcesBuildPhase section */

/* Begin PBXSourcesBuildPhase section */
		66D24B4C2BE3EF8700A6B72C /* Sources */ = {
			isa = PBXSourcesBuildPhase;
			buildActionMask = 2147483647;
			files = (
				66D24B582BE3EF8700A6B72C /* ViewController.swift in Sources */,
				66D24B5E2BE3EF8700A6B72C /* BetterCalculator.xcdatamodeld in Sources */,
				666092B82BE54D1500D81AB1 /* LandscapeViewController.swift in Sources */,
				666092BA2BE565DA00D81AB1 /* LogViewController.swift in Sources */,
				666092BC2BE566F200D81AB1 /* Logger.swift in Sources */,
				66D24B542BE3EF8700A6B72C /* AppDelegate.swift in Sources */,
				66D24B562BE3EF8700A6B72C /* SceneDelegate.swift in Sources */,
			);
			runOnlyForDeploymentPostprocessing = 0;
		};
		66D24B652BE3EF8800A6B72C /* Sources */ = {
			isa = PBXSourcesBuildPhase;
			buildActionMask = 2147483647;
			files = (
				66D24B6E2BE3EF8800A6B72C /* BetterCalculatorTests.swift in Sources */,
			);
			runOnlyForDeploymentPostprocessing = 0;
		};
		66D24B6F2BE3EF8800A6B72C /* Sources */ = {
			isa = PBXSourcesBuildPhase;
			buildActionMask = 2147483647;
			files = (
				66D24B7A2BE3EF8800A6B72C /* BetterCalculatorUITestsLaunchTests.swift in Sources */,
				66D24B782BE3EF8800A6B72C /* BetterCalculatorUITests.swift in Sources */,
			);
			runOnlyForDeploymentPostprocessing = 0;
		};
/* End PBXSourcesBuildPhase section */

/* Begin PBXTargetDependency section */
		66D24B6B2BE3EF8800A6B72C /* PBXTargetDependency */ = {
			isa = PBXTargetDependency;
			target = 66D24B4F2BE3EF8700A6B72C /* BetterCalculator */;
			targetProxy = 66D24B6A2BE3EF8800A6B72C /* PBXContainerItemProxy */;
		};
		66D24B752BE3EF8800A6B72C /* PBXTargetDependency */ = {
			isa = PBXTargetDependency;
			target = 66D24B4F2BE3EF8700A6B72C /* BetterCalculator */;
			targetProxy = 66D24B742BE3EF8800A6B72C /* PBXContainerItemProxy */;
		};
/* End PBXTargetDependency section */

/* Begin PBXVariantGroup section */
		66D24B592BE3EF8700A6B72C /* Main.storyboard */ = {
			isa = PBXVariantGroup;
			children = (
				66D24B5A2BE3EF8700A6B72C /* Base */,
			);
			name = Main.storyboard;
			sourceTree = "<group>";
		};
		66D24B612BE3EF8800A6B72C /* LaunchScreen.storyboard */ = {
			isa = PBXVariantGroup;
			children = (
				66D24B622BE3EF8800A6B72C /* Base */,
			);
			name = LaunchScreen.storyboard;
			sourceTree = "<group>";
		};
/* End PBXVariantGroup section */

/* Begin XCBuildConfiguration section */
		66D24B7B2BE3EF8800A6B72C /* Debug */ = {
			isa = XCBuildConfiguration;
			buildSettings = {
				ALWAYS_SEARCH_USER_PATHS = NO;
				ASSETCATALOG_COMPILER_GENERATE_SWIFT_ASSET_SYMBOL_EXTENSIONS = YES;
				CLANG_ANALYZER_NONNULL = YES;
				CLANG_ANALYZER_NUMBER_OBJECT_CONVERSION = YES_AGGRESSIVE;
				CLANG_CXX_LANGUAGE_STANDARD = "gnu++20";
				CLANG_ENABLE_MODULES = YES;
				CLANG_ENABLE_OBJC_ARC = YES;
				CLANG_ENABLE_OBJC_WEAK = YES;
				CLANG_WARN_BLOCK_CAPTURE_AUTORELEASING = YES;
				CLANG_WARN_BOOL_CONVERSION = YES;
				CLANG_WARN_COMMA = YES;
				CLANG_WARN_CONSTANT_CONVERSION = YES;
				CLANG_WARN_DEPRECATED_OBJC_IMPLEMENTATIONS = YES;
				CLANG_WARN_DIRECT_OBJC_ISA_USAGE = YES_ERROR;
				CLANG_WARN_DOCUMENTATION_COMMENTS = YES;
				CLANG_WARN_EMPTY_BODY = YES;
				CLANG_WARN_ENUM_CONVERSION = YES;
				CLANG_WARN_INFINITE_RECURSION = YES;
				CLANG_WARN_INT_CONVERSION = YES;
				CLANG_WARN_NON_LITERAL_NULL_CONVERSION = YES;
				CLANG_WARN_OBJC_IMPLICIT_RETAIN_SELF = YES;
				CLANG_WARN_OBJC_LITERAL_CONVERSION = YES;
				CLANG_WARN_OBJC_ROOT_CLASS = YES_ERROR;
				CLANG_WARN_QUOTED_INCLUDE_IN_FRAMEWORK_HEADER = YES;
				CLANG_WARN_RANGE_LOOP_ANALYSIS = YES;
				CLANG_WARN_STRICT_PROTOTYPES = YES;
				CLANG_WARN_SUSPICIOUS_MOVE = YES;
				CLANG_WARN_UNGUARDED_AVAILABILITY = YES_AGGRESSIVE;
				CLANG_WARN_UNREACHABLE_CODE = YES;
				CLANG_WARN__DUPLICATE_METHOD_MATCH = YES;
				COPY_PHASE_STRIP = NO;
				DEBUG_INFORMATION_FORMAT = dwarf;
				ENABLE_STRICT_OBJC_MSGSEND = YES;
				ENABLE_TESTABILITY = YES;
				ENABLE_USER_SCRIPT_SANDBOXING = YES;
				GCC_C_LANGUAGE_STANDARD = gnu17;
				GCC_DYNAMIC_NO_PIC = NO;
				GCC_NO_COMMON_BLOCKS = YES;
				GCC_OPTIMIZATION_LEVEL = 0;
				GCC_PREPROCESSOR_DEFINITIONS = (
					"DEBUG=1",
					"$(inherited)",
				);
				GCC_WARN_64_TO_32_BIT_CONVERSION = YES;
				GCC_WARN_ABOUT_RETURN_TYPE = YES_ERROR;
				GCC_WARN_UNDECLARED_SELECTOR = YES;
				GCC_WARN_UNINITIALIZED_AUTOS = YES_AGGRESSIVE;
				GCC_WARN_UNUSED_FUNCTION = YES;
				GCC_WARN_UNUSED_VARIABLE = YES;
				IPHONEOS_DEPLOYMENT_TARGET = 17.2;
				LOCALIZATION_PREFERS_STRING_CATALOGS = YES;
				MTL_ENABLE_DEBUG_INFO = INCLUDE_SOURCE;
				MTL_FAST_MATH = YES;
				ONLY_ACTIVE_ARCH = YES;
				SDKROOT = iphoneos;
				SWIFT_ACTIVE_COMPILATION_CONDITIONS = "DEBUG $(inherited)";
				SWIFT_OPTIMIZATION_LEVEL = "-Onone";
			};
			name = Debug;
		};
		66D24B7C2BE3EF8800A6B72C /* Release */ = {
			isa = XCBuildConfiguration;
			buildSettings = {
				ALWAYS_SEARCH_USER_PATHS = NO;
				ASSETCATALOG_COMPILER_GENERATE_SWIFT_ASSET_SYMBOL_EXTENSIONS = YES;
				CLANG_ANALYZER_NONNULL = YES;
				CLANG_ANALYZER_NUMBER_OBJECT_CONVERSION = YES_AGGRESSIVE;
				CLANG_CXX_LANGUAGE_STANDARD = "gnu++20";
				CLANG_ENABLE_MODULES = YES;
				CLANG_ENABLE_OBJC_ARC = YES;
				CLANG_ENABLE_OBJC_WEAK = YES;
				CLANG_WARN_BLOCK_CAPTURE_AUTORELEASING = YES;
				CLANG_WARN_BOOL_CONVERSION = YES;
				CLANG_WARN_COMMA = YES;
				CLANG_WARN_CONSTANT_CONVERSION = YES;
				CLANG_WARN_DEPRECATED_OBJC_IMPLEMENTATIONS = YES;
				CLANG_WARN_DIRECT_OBJC_ISA_USAGE = YES_ERROR;
				CLANG_WARN_DOCUMENTATION_COMMENTS = YES;
				CLANG_WARN_EMPTY_BODY = YES;
				CLANG_WARN_ENUM_CONVERSION = YES;
				CLANG_WARN_INFINITE_RECURSION = YES;
				CLANG_WARN_INT_CONVERSION = YES;
				CLANG_WARN_NON_LITERAL_NULL_CONVERSION = YES;
				CLANG_WARN_OBJC_IMPLICIT_RETAIN_SELF = YES;
				CLANG_WARN_OBJC_LITERAL_CONVERSION = YES;
				CLANG_WARN_OBJC_ROOT_CLASS = YES_ERROR;
				CLANG_WARN_QUOTED_INCLUDE_IN_FRAMEWORK_HEADER = YES;
				CLANG_WARN_RANGE_LOOP_ANALYSIS = YES;
				CLANG_WARN_STRICT_PROTOTYPES = YES;
				CLANG_WARN_SUSPICIOUS_MOVE = YES;
				CLANG_WARN_UNGUARDED_AVAILABILITY = YES_AGGRESSIVE;
				CLANG_WARN_UNREACHABLE_CODE = YES;
				CLANG_WARN__DUPLICATE_METHOD_MATCH = YES;
				COPY_PHASE_STRIP = NO;
				DEBUG_INFORMATION_FORMAT = "dwarf-with-dsym";
				ENABLE_NS_ASSERTIONS = NO;
				ENABLE_STRICT_OBJC_MSGSEND = YES;
				ENABLE_USER_SCRIPT_SANDBOXING = YES;
				GCC_C_LANGUAGE_STANDARD = gnu17;
				GCC_NO_COMMON_BLOCKS = YES;
				GCC_WARN_64_TO_32_BIT_CONVERSION = YES;
				GCC_WARN_ABOUT_RETURN_TYPE = YES_ERROR;
				GCC_WARN_UNDECLARED_SELECTOR = YES;
				GCC_WARN_UNINITIALIZED_AUTOS = YES_AGGRESSIVE;
				GCC_WARN_UNUSED_FUNCTION = YES;
				GCC_WARN_UNUSED_VARIABLE = YES;
				IPHONEOS_DEPLOYMENT_TARGET = 17.2;
				LOCALIZATION_PREFERS_STRING_CATALOGS = YES;
				MTL_ENABLE_DEBUG_INFO = NO;
				MTL_FAST_MATH = YES;
				SDKROOT = iphoneos;
				SWIFT_COMPILATION_MODE = wholemodule;
				VALIDATE_PRODUCT = YES;
			};
			name = Release;
		};
		66D24B7E2BE3EF8800A6B72C /* Debug */ = {
			isa = XCBuildConfiguration;
			buildSettings = {
				ASSETCATALOG_COMPILER_APPICON_NAME = AppIcon;
				ASSETCATALOG_COMPILER_GLOBAL_ACCENT_COLOR_NAME = AccentColor;
				CODE_SIGN_STYLE = Automatic;
				CURRENT_PROJECT_VERSION = 1;
				GENERATE_INFOPLIST_FILE = YES;
				INFOPLIST_FILE = BetterCalculator/Info.plist;
				INFOPLIST_KEY_UIApplicationSupportsIndirectInputEvents = YES;
				INFOPLIST_KEY_UILaunchStoryboardName = LaunchScreen;
				INFOPLIST_KEY_UIMainStoryboardFile = Main;
				INFOPLIST_KEY_UISupportedInterfaceOrientations_iPad = "UIInterfaceOrientationPortrait UIInterfaceOrientationPortraitUpsideDown UIInterfaceOrientationLandscapeLeft UIInterfaceOrientationLandscapeRight";
				INFOPLIST_KEY_UISupportedInterfaceOrientations_iPhone = "UIInterfaceOrientationPortrait UIInterfaceOrientationLandscapeLeft UIInterfaceOrientationLandscapeRight";
				LD_RUNPATH_SEARCH_PATHS = (
					"$(inherited)",
					"@executable_path/Frameworks",
				);
				MARKETING_VERSION = 1.0;
				PRODUCT_BUNDLE_IDENTIFIER = com.loumjermaine.BetterCalculator;
				PRODUCT_NAME = "$(TARGET_NAME)";
				SWIFT_EMIT_LOC_STRINGS = YES;
				SWIFT_VERSION = 5.0;
				TARGETED_DEVICE_FAMILY = "1,2";
			};
			name = Debug;
		};
		66D24B7F2BE3EF8800A6B72C /* Release */ = {
			isa = XCBuildConfiguration;
			buildSettings = {
				ASSETCATALOG_COMPILER_APPICON_NAME = AppIcon;
				ASSETCATALOG_COMPILER_GLOBAL_ACCENT_COLOR_NAME = AccentColor;
				CODE_SIGN_STYLE = Automatic;
				CURRENT_PROJECT_VERSION = 1;
				GENERATE_INFOPLIST_FILE = YES;
				INFOPLIST_FILE = BetterCalculator/Info.plist;
				INFOPLIST_KEY_UIApplicationSupportsIndirectInputEvents = YES;
				INFOPLIST_KEY_UILaunchStoryboardName = LaunchScreen;
				INFOPLIST_KEY_UIMainStoryboardFile = Main;
				INFOPLIST_KEY_UISupportedInterfaceOrientations_iPad = "UIInterfaceOrientationPortrait UIInterfaceOrientationPortraitUpsideDown UIInterfaceOrientationLandscapeLeft UIInterfaceOrientationLandscapeRight";
				INFOPLIST_KEY_UISupportedInterfaceOrientations_iPhone = "UIInterfaceOrientationPortrait UIInterfaceOrientationLandscapeLeft UIInterfaceOrientationLandscapeRight";
				LD_RUNPATH_SEARCH_PATHS = (
					"$(inherited)",
					"@executable_path/Frameworks",
				);
				MARKETING_VERSION = 1.0;
				PRODUCT_BUNDLE_IDENTIFIER = com.loumjermaine.BetterCalculator;
				PRODUCT_NAME = "$(TARGET_NAME)";
				SWIFT_EMIT_LOC_STRINGS = YES;
				SWIFT_VERSION = 5.0;
				TARGETED_DEVICE_FAMILY = "1,2";
			};
			name = Release;
		};
		66D24B812BE3EF8800A6B72C /* Debug */ = {
			isa = XCBuildConfiguration;
			buildSettings = {
				ALWAYS_EMBED_SWIFT_STANDARD_LIBRARIES = YES;
				BUNDLE_LOADER = "$(TEST_HOST)";
				CODE_SIGN_STYLE = Automatic;
				CURRENT_PROJECT_VERSION = 1;
				GENERATE_INFOPLIST_FILE = YES;
				IPHONEOS_DEPLOYMENT_TARGET = 17.2;
				MARKETING_VERSION = 1.0;
				PRODUCT_BUNDLE_IDENTIFIER = com.loumjermaine.BetterCalculatorTests;
				PRODUCT_NAME = "$(TARGET_NAME)";
				SWIFT_EMIT_LOC_STRINGS = NO;
				SWIFT_VERSION = 5.0;
				TARGETED_DEVICE_FAMILY = "1,2";
				TEST_HOST = "$(BUILT_PRODUCTS_DIR)/BetterCalculator.app/$(BUNDLE_EXECUTABLE_FOLDER_PATH)/BetterCalculator";
			};
			name = Debug;
		};
		66D24B822BE3EF8800A6B72C /* Release */ = {
			isa = XCBuildConfiguration;
			buildSettings = {
				ALWAYS_EMBED_SWIFT_STANDARD_LIBRARIES = YES;
				BUNDLE_LOADER = "$(TEST_HOST)";
				CODE_SIGN_STYLE = Automatic;
				CURRENT_PROJECT_VERSION = 1;
				GENERATE_INFOPLIST_FILE = YES;
				IPHONEOS_DEPLOYMENT_TARGET = 17.2;
				MARKETING_VERSION = 1.0;
				PRODUCT_BUNDLE_IDENTIFIER = com.loumjermaine.BetterCalculatorTests;
				PRODUCT_NAME = "$(TARGET_NAME)";
				SWIFT_EMIT_LOC_STRINGS = NO;
				SWIFT_VERSION = 5.0;
				TARGETED_DEVICE_FAMILY = "1,2";
				TEST_HOST = "$(BUILT_PRODUCTS_DIR)/BetterCalculator.app/$(BUNDLE_EXECUTABLE_FOLDER_PATH)/BetterCalculator";
			};
			name = Release;
		};
		66D24B842BE3EF8800A6B72C /* Debug */ = {
			isa = XCBuildConfiguration;
			buildSettings = {
				ALWAYS_EMBED_SWIFT_STANDARD_LIBRARIES = YES;
				CODE_SIGN_STYLE = Automatic;
				CURRENT_PROJECT_VERSION = 1;
				GENERATE_INFOPLIST_FILE = YES;
				MARKETING_VERSION = 1.0;
				PRODUCT_BUNDLE_IDENTIFIER = com.loumjermaine.BetterCalculatorUITests;
				PRODUCT_NAME = "$(TARGET_NAME)";
				SWIFT_EMIT_LOC_STRINGS = NO;
				SWIFT_VERSION = 5.0;
				TARGETED_DEVICE_FAMILY = "1,2";
				TEST_TARGET_NAME = BetterCalculator;
			};
			name = Debug;
		};
		66D24B852BE3EF8800A6B72C /* Release */ = {
			isa = XCBuildConfiguration;
			buildSettings = {
				ALWAYS_EMBED_SWIFT_STANDARD_LIBRARIES = YES;
				CODE_SIGN_STYLE = Automatic;
				CURRENT_PROJECT_VERSION = 1;
				GENERATE_INFOPLIST_FILE = YES;
				MARKETING_VERSION = 1.0;
				PRODUCT_BUNDLE_IDENTIFIER = com.loumjermaine.BetterCalculatorUITests;
				PRODUCT_NAME = "$(TARGET_NAME)";
				SWIFT_EMIT_LOC_STRINGS = NO;
				SWIFT_VERSION = 5.0;
				TARGETED_DEVICE_FAMILY = "1,2";
				TEST_TARGET_NAME = BetterCalculator;
			};
			name = Release;
		};
/* End XCBuildConfiguration section */

/* Begin XCConfigurationList section */
		66D24B4B2BE3EF8700A6B72C /* Build configuration list for PBXProject "BetterCalculator" */ = {
			isa = XCConfigurationList;
			buildConfigurations = (
				66D24B7B2BE3EF8800A6B72C /* Debug */,
				66D24B7C2BE3EF8800A6B72C /* Release */,
			);
			defaultConfigurationIsVisible = 0;
			defaultConfigurationName = Release;
		};
		66D24B7D2BE3EF8800A6B72C /* Build configuration list for PBXNativeTarget "BetterCalculator" */ = {
			isa = XCConfigurationList;
			buildConfigurations = (
				66D24B7E2BE3EF8800A6B72C /* Debug */,
				66D24B7F2BE3EF8800A6B72C /* Release */,
			);
			defaultConfigurationIsVisible = 0;
			defaultConfigurationName = Release;
		};
		66D24B802BE3EF8800A6B72C /* Build configuration list for PBXNativeTarget "BetterCalculatorTests" */ = {
			isa = XCConfigurationList;
			buildConfigurations = (
				66D24B812BE3EF8800A6B72C /* Debug */,
				66D24B822BE3EF8800A6B72C /* Release */,
			);
			defaultConfigurationIsVisible = 0;
			defaultConfigurationName = Release;
		};
		66D24B832BE3EF8800A6B72C /* Build configuration list for PBXNativeTarget "BetterCalculatorUITests" */ = {
			isa = XCConfigurationList;
			buildConfigurations = (
				66D24B842BE3EF8800A6B72C /* Debug */,
				66D24B852BE3EF8800A6B72C /* Release */,
			);
			defaultConfigurationIsVisible = 0;
			defaultConfigurationName = Release;
		};
/* End XCConfigurationList section */

/* Begin XCVersionGroup section */
		66D24B5C2BE3EF8700A6B72C /* BetterCalculator.xcdatamodeld */ = {
			isa = XCVersionGroup;
			children = (
				66D24B5D2BE3EF8700A6B72C /* BetterCalculator.xcdatamodel */,
			);
			currentVersion = 66D24B5D2BE3EF8700A6B72C /* BetterCalculator.xcdatamodel */;
			path = BetterCalculator.xcdatamodeld;
			sourceTree = "<group>";
			versionGroupType = wrapper.xcdatamodel;
		};
/* End XCVersionGroup section */
	};
	rootObject = 66D24B482BE3EF8700A6B72C /* Project object */;
}
